
Microsoft Visual Studio Solution File, Format Version 12.00
# Visual Studio Version 16
VisualStudioVersion = 16.0.31702.278
MinimumVisualStudioVersion = 10.0.40219.1
Project("{FAE04EC0-301F-11D3-BF4B-00C04F79EFBC}") = "KursachProject_Kinoteatr", "KursachProject_Kinoteatr\KursachProject_Kinoteatr.csproj", "{6EEF983A-38AE-4FC6-84BE-CB20E5855EA5}"
EndProject
Global
	GlobalSection(SolutionConfigurationPlatforms) = preSolution
		Debug|Any CPU = Debug|Any CPU
		Release|Any CPU = Release|Any CPU
	EndGlobalSection
	GlobalSection(ProjectConfigurationPlatforms) = postSolution
		{6EEF983A-38AE-4FC6-84BE-CB20E5855EA5}.Debug|Any CPU.ActiveCfg = Debug|Any CPU
		{6EEF983A-38AE-4FC6-84BE-CB20E5855EA5}.Debug|Any CPU.Build.0 = Debug|Any CPU
		{6EEF983A-38AE-4FC6-84BE-CB20E5855EA5}.Release|Any CPU.ActiveCfg = Release|Any CPU
		{6EEF983A-38AE-4FC6-84BE-CB20E5855EA5}.Release|Any CPU.Build.0 = Release|Any CPU
	EndGlobalSection
	GlobalSection(SolutionProperties) = preSolution
		HideSolutionNode = FALSE
	EndGlobalSection
	GlobalSection(ExtensibilityGlobals) = postSolution
		SolutionGuid = {E923939C-4DA8-4F96-8BEB-B91F1FAC7508}
	EndGlobalSection
EndGlobal
